# This file was autogenerated by Stack.
# You should not edit this file by hand.
# For more information, please see the documentation at:
#   https://docs.haskellstack.org/en/stable/lock_files

packages:
- completed:
    hackage: algebra-4.3.1@sha256:323cf20c508e0b71422b767ff3a89e4188f68aa59b2df9d0fe6e9f9bae7938fb,4129
    pantry-tree:
      size: 5556
      sha256: 2dea7d23304c09c902fb1f90f45b1b22df6ded47fb717742cca119f9f3667b21
  original:
    hackage: algebra-4.3.1
- completed:
    hackage: control-monad-loop-0.1@sha256:2b8d9fbc6e53f2c8f679188952b90f2c69507d1c1efd8867beb64591a22b341c,1106
    pantry-tree:
      size: 466
      sha256: e0bb7221ac929e5fe3722f4838551e962589a8fed18199d9791385864855f466
  original:
    hackage: control-monad-loop-0.1
- completed:
    hackage: ghc-typelits-presburger-0.6.0.0@sha256:2132a3ae673c41983df257ee748a2ca785566ce563f689e73c27e7e469ca366e,3192
    pantry-tree:
      size: 836
      sha256: b17dbaf95553b8d64684ca21cf3f7c97df60d8b5663a7da5db07751188346f1d
  original:
    hackage: ghc-typelits-presburger-0.6.0.0
- completed:
    hackage: singletons-presburger-0.6.0.0@sha256:40a5cea2b54499f417fdbe5750ebf8c5d73098c93862a580937ab1614a1eec96,2655
    pantry-tree:
      size: 313
      sha256: d24aeaf800d5ac50d258a4ab093bbfec63d80b9f00c97a318b53dc41eb0871c7
  original:
    hackage: singletons-presburger-0.6.0.0
- completed:
    hackage: equational-reasoning-0.7.0.0@sha256:f7fe162978543f8c3ccaf338dbdef7d69537c3aa87f062225d9e5d3585698c7e,1952
    pantry-tree:
      size: 496
      sha256: 96e180f8d67b22588b00bc29c84d7534ffdc958406921789a7e78a4eb263263b
  original:
    hackage: equational-reasoning-0.7.0.0@rev:2
- completed:
    hackage: sized-1.0.0.0@sha256:7f0dbfcf0eab2861b5661b8c4a7f04c4a7f6d9b64dd8e9eef1e27ddbdc6c638f,1770
    pantry-tree:
      size: 517
      sha256: f80506533e6e89c261853170245b148e2fc23cde9d6408d457c7418121f72f62
  original:
    hackage: sized-1.0.0.0
- completed:
    hackage: type-natural-1.1.0.0@sha256:94c2d827a4dc0a27fae61e94378f0c23460dda0683a42414b851a912f7d0a203,2730
    pantry-tree:
      size: 1401
      sha256: cfcf4ca82d7c26578816b7e3095500a4ff774a594dea748378d70a92973c792b
  original:
    hackage: type-natural-1.1.0.0
- completed:
    hackage: repa-3.4.1.4@sha256:5a99bde69fe96a18d70aae23f47c8f719b1134558dca3ee5a7c15423b68a132e,3323
    pantry-tree:
      size: 2965
      sha256: 060bec03e51bb6f40acc52c70f8e36804e18f80590b09dc8141352f1b14b03e7
  original:
    hackage: repa-3.4.1.4@rev:8
- completed:
    hackage: profunctors-5.6.2@sha256:4db306297d827cf65a32d9124d6f1a23105479ebb1988783006578bc5d4209da,2377
    pantry-tree:
      size: 1588
      sha256: 5e640a3a4613c8850d19d322b4ec8444345deb0cf4ee020590da82e2d657be26
  original:
    hackage: profunctors-5.6.2
- completed:
    hackage: unamb-0.2.7@sha256:ce5db0575bca8ca04c9e9dce3ba75b6f9e5ceea834c6ba4fae45aca6fa963334,2385
    pantry-tree:
      size: 217
      sha256: c3c4ac7408c2999b6779714459d2433ff2495f90161d7c3ca349ca3aa6386be8
  original:
    hackage: unamb-0.2.7
- completed:
    hackage: singletons-th-3.0@sha256:111458cb40a11d2c9e31bfb384d17a52fcac55c17b4c3519944a38511ae7d834,4605
    pantry-tree:
      size: 2538
      sha256: 5473c540967821a7eaa7eb8b405873443cec00fffc4dc7598cfc553ddb2f21bd
  original:
    hackage: singletons-th-3.0
- completed:
    hackage: th-desugar-1.12@sha256:019a2b121ed5de5f8a6af40ee7754511708566fe86def9533e3a54ec074be20e,3764
    pantry-tree:
      size: 1675
      sha256: 9a6788ef0f02fb8dc76c7673f201dc3452f73df0fba7ff2197a49e7c5c5df879
  original:
    hackage: th-desugar-1.12
- completed:
    hackage: singletons-3.0@sha256:e20fe9cd8825812641171c71a5eec566dce9efdab24d21d53a738ce9e7de9472,2901
    pantry-tree:
      size: 713
      sha256: 86243c5d1bf78f8261dee4cfd32a04b3503115ba2491685083b417a6cb10bb73
  original:
    hackage: singletons-3.0
- completed:
    hackage: singletons-base-3.0@sha256:a6fad461d9b500b0df4dbcfca0a0185b5f09fe13c546a57acbcad70a0357f20a,6915
    pantry-tree:
      size: 23714
      sha256: c63aad30407b78f46c2ce035e35be0ac858e952f82a70783d44cc19fdfa41f45
  original:
    hackage: singletons-base-3.0
- completed:
    hackage: generic-deriving-1.14@sha256:c9c6782a3cdce2f2bcaf891e0ffbf06df871e68498574b73a565771dc084273c,6835
    pantry-tree:
      size: 2248
      sha256: 2e75303f186f68c1a5d7ebaa62df33ee326bedbf746ed363a64607578118341d
  original:
    hackage: generic-deriving-1.14
- completed:
    hackage: th-expand-syns-0.4.8.0@sha256:cf548f09dbe38d1e4649d9713a64b7d192c3bfb1c47894fa3538ed5503858fc0,1796
    pantry-tree:
      size: 550
      sha256: 899e5bed5f4a537d19a589529fd9cfcb2dac4aa1a7eaed64df7acdc8261a2172
  original:
    hackage: th-expand-syns-0.4.8.0
- completed:
    hackage: syb-0.7.2.1@sha256:bf42655a213402215299e435c52f799e76cbec0b984cd7153d6b9af8a1c0803f,3815
    pantry-tree:
      size: 3396
      sha256: 3ee55cc33d69da2953e7093f99199fbc0bfa9d90dccd19cac101d09befa5bbb3
  original:
    hackage: syb-0.7.2.1
- completed:
    hackage: indexed-traversable-instances-0.1@sha256:3aaf97040001bbe583e29c2b9c7d41660df265e6565a0d2ac09a3ed5b8bc21be,2874
    pantry-tree:
      size: 427
      sha256: d69630ba4b548b72eed15553586ce7b1e574cd8e4cc5b30d506ab3a697b26502
  original:
    hackage: indexed-traversable-instances-0.1
- completed:
    hackage: lens-5.0.1@sha256:c97fbe43ae6fe21d73f1a023d776bb05cd492f0afd1b3c3ff43e246af91f6852,15544
    pantry-tree:
      size: 8291
      sha256: 915f23967904b51276fbeb1181eb51b3d958f48273bb10de3914bea8184c0336
  original:
    hackage: lens-5.0.1
- completed:
    size: 201218
    url: https://github.com/Bodigrim/arithmoi/archive/29099a51cfddb3c77f726e86a5784553456e10ab.tar.gz
    name: arithmoi
    version: 0.11.0.1
    sha256: 3632e71c810c33721d3521b0d868dacaabccf326274b8d9e026c50ce21219fae
    pantry-tree:
      size: 10365
      sha256: bfc8cba90cf593574bd3f1bdd9d3163e921e342f2e83d0ba9d61f75900574d96
  original:
    url: https://github.com/Bodigrim/arithmoi/archive/29099a51cfddb3c77f726e86a5784553456e10ab.tar.gz
snapshots:
- completed:
    size: 567669
    url: https://raw.githubusercontent.com/commercialhaskell/stackage-snapshots/master/lts/17/12.yaml
    sha256: facf6cac73b22a83ca955b580a98a7a09ed71f8f974c7a55d28e608c23e689a9
  original: lts-17.12
