# This file was autogenerated by Stack.
# You should not edit this file by hand.
# For more information, please see the documentation at:
#   https://docs.haskellstack.org/en/stable/lock_files

packages:
- completed:
    hackage: algebra-4.3.1@sha256:323cf20c508e0b71422b767ff3a89e4188f68aa59b2df9d0fe6e9f9bae7938fb,4129
    pantry-tree:
      size: 5556
      sha256: 2dea7d23304c09c902fb1f90f45b1b22df6ded47fb717742cca119f9f3667b21
  original:
    hackage: algebra-4.3.1@rev:2
- completed:
    hackage: unamb-0.2.7@sha256:ce5db0575bca8ca04c9e9dce3ba75b6f9e5ceea834c6ba4fae45aca6fa963334,2385
    pantry-tree:
      size: 217
      sha256: c3c4ac7408c2999b6779714459d2433ff2495f90161d7c3ca349ca3aa6386be8
  original:
    hackage: unamb-0.2.7
- completed:
    hackage: control-monad-loop-0.1@sha256:2b8d9fbc6e53f2c8f679188952b90f2c69507d1c1efd8867beb64591a22b341c,1106
    pantry-tree:
      size: 466
      sha256: e0bb7221ac929e5fe3722f4838551e962589a8fed18199d9791385864855f466
  original:
    hackage: control-monad-loop-0.1
- completed:
    hackage: repa-3.4.1.4@sha256:5c836bc314ea04ac284d21117b361eb95829d793e8f82508535aa0ca04911d9e,3315
    pantry-tree:
      size: 2965
      sha256: 658dece8ff797a9ff0940ad812b966e0a93c3e4442f73c27b96d615106db7db8
  original:
    hackage: repa-3.4.1.4
snapshots:
- completed:
    size: 488576
    url: https://raw.githubusercontent.com/commercialhaskell/stackage-snapshots/master/lts/15/0.yaml
    sha256: e4b6a87b47ec1cf63a7f1a0884a3b276fce2b0d174a10e8753c4f618e7983568
  original: lts-15.0
