# This file was autogenerated by Stack.
# You should not edit this file by hand.
# For more information, please see the documentation at:
#   https://docs.haskellstack.org/en/stable/lock_files

packages:
- completed:
    hackage: hakyll-4.15.1.1@sha256:f6164a8f011c2ea46c9b17da500c2b097c21674a6e8c16b0cfb76460942c7da8,9562
    pantry-tree:
      size: 8861
      sha256: 69152c32f70df64dc7b307472e0a87b8446a61f3f0b7f3e62d080f1fad16e1f1
  original:
    hackage: hakyll-4.15.1.1@sha256:f6164a8f011c2ea46c9b17da500c2b097c21674a6e8c16b0cfb76460942c7da8,9562
snapshots:
- completed:
    size: 586041
    url: https://raw.githubusercontent.com/commercialhaskell/stackage-snapshots/master/lts/18/12.yaml
    sha256: 80fc6391195ff00c36f2a605ecbb07de909bfaa2eaa9722a27e486a6ecf8ecb0
  original: lts-18.12
