# This file was autogenerated by Stack.
# You should not edit this file by hand.
# For more information, please see the documentation at:
#   https://docs.haskellstack.org/en/stable/lock_files

packages:
- completed:
    hackage: control-monad-loop-0.1@sha256:2b8d9fbc6e53f2c8f679188952b90f2c69507d1c1efd8867beb64591a22b341c,1106
    pantry-tree:
      size: 466
      sha256: e0bb7221ac929e5fe3722f4838551e962589a8fed18199d9791385864855f466
  original:
    hackage: control-monad-loop-0.1
- completed:
    hackage: unamb-0.2.7@sha256:ce5db0575bca8ca04c9e9dce3ba75b6f9e5ceea834c6ba4fae45aca6fa963334,2385
    pantry-tree:
      size: 217
      sha256: c3c4ac7408c2999b6779714459d2433ff2495f90161d7c3ca349ca3aa6386be8
  original:
    hackage: unamb-0.2.7
snapshots:
- completed:
    size: 616897
    url: https://raw.githubusercontent.com/commercialhaskell/stackage-snapshots/master/lts/19/0.yaml
    sha256: bbf2be02f17940bac1f87cb462d4fb0c3355de6dcfc53d84f4f9ad3ee2164f65
  original: lts-19.0
