# This file was autogenerated by Stack.
# You should not edit this file by hand.
# For more information, please see the documentation at:
#   https://docs.haskellstack.org/en/stable/lock_files

packages:
- completed:
    hackage: algebra-4.3.1@sha256:323cf20c508e0b71422b767ff3a89e4188f68aa59b2df9d0fe6e9f9bae7938fb,4129
    pantry-tree:
      size: 5556
      sha256: 2dea7d23304c09c902fb1f90f45b1b22df6ded47fb717742cca119f9f3667b21
  original:
    hackage: algebra-4.3.1
- completed:
    hackage: control-monad-loop-0.1@sha256:2b8d9fbc6e53f2c8f679188952b90f2c69507d1c1efd8867beb64591a22b341c,1106
    pantry-tree:
      size: 466
      sha256: e0bb7221ac929e5fe3722f4838551e962589a8fed18199d9791385864855f466
  original:
    hackage: control-monad-loop-0.1
- completed:
    hackage: ghc-typelits-presburger-0.6.0.0@sha256:2132a3ae673c41983df257ee748a2ca785566ce563f689e73c27e7e469ca366e,3192
    pantry-tree:
      size: 836
      sha256: b17dbaf95553b8d64684ca21cf3f7c97df60d8b5663a7da5db07751188346f1d
  original:
    hackage: ghc-typelits-presburger-0.6.0.0
- completed:
    hackage: singletons-presburger-0.6.0.0@sha256:40a5cea2b54499f417fdbe5750ebf8c5d73098c93862a580937ab1614a1eec96,2655
    pantry-tree:
      size: 313
      sha256: d24aeaf800d5ac50d258a4ab093bbfec63d80b9f00c97a318b53dc41eb0871c7
  original:
    hackage: singletons-presburger-0.6.0.0
- completed:
    hackage: sized-1.0.0.0@sha256:7f0dbfcf0eab2861b5661b8c4a7f04c4a7f6d9b64dd8e9eef1e27ddbdc6c638f,1770
    pantry-tree:
      size: 517
      sha256: f80506533e6e89c261853170245b148e2fc23cde9d6408d457c7418121f72f62
  original:
    hackage: sized-1.0.0.0
- completed:
    hackage: type-natural-1.1.0.0@sha256:94c2d827a4dc0a27fae61e94378f0c23460dda0683a42414b851a912f7d0a203,2730
    pantry-tree:
      size: 1401
      sha256: cfcf4ca82d7c26578816b7e3095500a4ff774a594dea748378d70a92973c792b
  original:
    hackage: type-natural-1.1.0.0
- completed:
    hackage: repa-3.4.1.4@sha256:70ef4758937baa29be1ac0a78ecbccf341b3f276c9efb632b4829eea80445e2d,3315
    pantry-tree:
      size: 2965
      sha256: 294773b0e6be4a4198133715d4c7f2d0d8e5aec4adea7e59578d1b3823a7879d
  original:
    hackage: repa-3.4.1.4
- completed:
    hackage: unamb-0.2.7@sha256:ce5db0575bca8ca04c9e9dce3ba75b6f9e5ceea834c6ba4fae45aca6fa963334,2385
    pantry-tree:
      size: 217
      sha256: c3c4ac7408c2999b6779714459d2433ff2495f90161d7c3ca349ca3aa6386be8
  original:
    hackage: unamb-0.2.7
snapshots:
- completed:
    size: 567677
    url: https://raw.githubusercontent.com/commercialhaskell/stackage-snapshots/master/lts/17/14.yaml
    sha256: 3740f22286bf5e6e3d82f88125e1c708b6e27847211f956b530aa5d83cf39383
  original: lts-17.14
