# This file was autogenerated by Stack.
# You should not edit this file by hand.
# For more information, please see the documentation at:
#   https://docs.haskellstack.org/en/stable/lock_files

packages:
- completed:
    hackage: equational-reasoning-0.6.0.1@sha256:8a1422fb4a79f19d3e95e73f721aa764968e12768b5e2d2e2940e2db71d2e452,1737
    pantry-tree:
      size: 496
      sha256: 9ffa610397f60afd6f8843eaa4ab4b0b4fa69cdf26f6107990f07822b845a643
  original:
    hackage: equational-reasoning-0.6.0.1
- completed:
    hackage: ghc-typelits-presburger-0.3.0.0@sha256:a4c24ce3ed2bc46f91e5dd544429fc9caa42da5c3effbc09b2e4e064d325004e,2724
    pantry-tree:
      size: 528
      sha256: 20fecd68ff0be5884bf8bf5b8cfd52eb6be9d6f197c5735294e6079803a4263e
  original:
    hackage: ghc-typelits-presburger-0.3.0.0
- completed:
    hackage: singletons-presburger-0.3.0.1@sha256:5045db924e1b3b9578d1a35f5b6b63ddbd43d41697578987bee5bcbf9ce8eba0,2192
    pantry-tree:
      size: 313
      sha256: 411a949d13183ef321e41f3eea187c4d732f87751237e60c713f5e9714812ea5
  original:
    hackage: singletons-presburger-0.3.0.1
- completed:
    hackage: type-natural-0.8.3.1@sha256:cad5dbfa5ac95cb0d68c09d58cfca5c3e154cc786f0dfd2684c53f36203f1bda,3031
    pantry-tree:
      size: 1004
      sha256: 1843ae1ac6d5b529206ab93f6ab10b11f233fb99b799e19a50ea04b607fb0f39
  original:
    hackage: type-natural-0.8.3.1
- completed:
    hackage: algebra-4.3.1@sha256:323cf20c508e0b71422b767ff3a89e4188f68aa59b2df9d0fe6e9f9bae7938fb,4129
    pantry-tree:
      size: 5556
      sha256: 2dea7d23304c09c902fb1f90f45b1b22df6ded47fb717742cca119f9f3667b21
  original:
    hackage: algebra-4.3.1@rev:2
- completed:
    hackage: sized-0.4.0.0@sha256:b83ddf55ea1588795a623963328f08d228c2b2506653362dfe8df90abec7a504,1839
    pantry-tree:
      size: 452
      sha256: 7c60fabeae7f97eb4c7f7f7856cc45fcfe9b323c3d9adbf7b8e4ea9193862f32
  original:
    hackage: sized-0.4.0.0
- completed:
    hackage: unamb-0.2.7@sha256:ce5db0575bca8ca04c9e9dce3ba75b6f9e5ceea834c6ba4fae45aca6fa963334,2385
    pantry-tree:
      size: 217
      sha256: c3c4ac7408c2999b6779714459d2433ff2495f90161d7c3ca349ca3aa6386be8
  original:
    hackage: unamb-0.2.7
- completed:
    hackage: control-monad-loop-0.1@sha256:2b8d9fbc6e53f2c8f679188952b90f2c69507d1c1efd8867beb64591a22b341c,1106
    pantry-tree:
      size: 466
      sha256: e0bb7221ac929e5fe3722f4838551e962589a8fed18199d9791385864855f466
  original:
    hackage: control-monad-loop-0.1
snapshots:
- completed:
    size: 524162
    url: https://raw.githubusercontent.com/commercialhaskell/stackage-snapshots/master/lts/14/21.yaml
    sha256: 9a55dd75853718f2bbbe951872b36a3b7802fcd71796e0f25b8664f24e34c666
  original: lts-14.21
